
Microsoft Visual Studio Solution File, Format Version 12.00
# Visual Studio 15
VisualStudioVersion = 15.0.27703.2042
MinimumVisualStudioVersion = 10.0.40219.1
Project("{FAE04EC0-301F-11D3-BF4B-00C04F79EFBC}") = "loginlog", "loginlog\loginlog.csproj", "{4955D7C0-E8BE-424C-80DB-719756242C34}"
EndProject
Global
	GlobalSection(SolutionConfigurationPlatforms) = preSolution
		Debug|Any CPU = Debug|Any CPU
		Release|Any CPU = Release|Any CPU
	EndGlobalSection
	GlobalSection(ProjectConfigurationPlatforms) = postSolution
		{4955D7C0-E8BE-424C-80DB-719756242C34}.Debug|Any CPU.ActiveCfg = Debug|Any CPU
		{4955D7C0-E8BE-424C-80DB-719756242C34}.Debug|Any CPU.Build.0 = Debug|Any CPU
		{4955D7C0-E8BE-424C-80DB-719756242C34}.Release|Any CPU.ActiveCfg = Release|Any CPU
		{4955D7C0-E8BE-424C-80DB-719756242C34}.Release|Any CPU.Build.0 = Release|Any CPU
	EndGlobalSection
	GlobalSection(SolutionProperties) = preSolution
		HideSolutionNode = FALSE
	EndGlobalSection
	GlobalSection(ExtensibilityGlobals) = postSolution
		SolutionGuid = {68BCD452-C644-4262-884D-7CC4E6273E5B}
	EndGlobalSection
EndGlobal
