
Microsoft Visual Studio Solution File, Format Version 12.00
# Visual Studio 15
VisualStudioVersion = 15.0.27703.2042
MinimumVisualStudioVersion = 10.0.40219.1
Project("{FAE04EC0-301F-11D3-BF4B-00C04F79EFBC}") = "IPHIS", "IPHIS\IPHIS.csproj", "{D8B3B983-73CD-4ED8-A313-91E4405B3410}"
EndProject
Project("{FAE04EC0-301F-11D3-BF4B-00C04F79EFBC}") = "IPHISBiz", "IPHISBiz\IPHISBiz.csproj", "{CE10AE14-8562-4E39-9CD4-62D98369F618}"
EndProject
Project("{FAE04EC0-301F-11D3-BF4B-00C04F79EFBC}") = "IPHISDAL", "IPHISDAL\IPHISDAL.csproj", "{C8D36796-484B-456F-A79F-49E1AEB3686D}"
EndProject
Project("{FAE04EC0-301F-11D3-BF4B-00C04F79EFBC}") = "IPHISBlockChain", "IPHISBlockChain\IPHISBlockChain.csproj", "{0F4B1874-5174-4362-858F-FC5FB622D11E}"
EndProject
Global
	GlobalSection(SolutionConfigurationPlatforms) = preSolution
		Debug|Any CPU = Debug|Any CPU
		Release|Any CPU = Release|Any CPU
	EndGlobalSection
	GlobalSection(ProjectConfigurationPlatforms) = postSolution
		{D8B3B983-73CD-4ED8-A313-91E4405B3410}.Debug|Any CPU.ActiveCfg = Debug|Any CPU
		{D8B3B983-73CD-4ED8-A313-91E4405B3410}.Debug|Any CPU.Build.0 = Debug|Any CPU
		{D8B3B983-73CD-4ED8-A313-91E4405B3410}.Release|Any CPU.ActiveCfg = Release|Any CPU
		{D8B3B983-73CD-4ED8-A313-91E4405B3410}.Release|Any CPU.Build.0 = Release|Any CPU
		{CE10AE14-8562-4E39-9CD4-62D98369F618}.Debug|Any CPU.ActiveCfg = Debug|Any CPU
		{CE10AE14-8562-4E39-9CD4-62D98369F618}.Debug|Any CPU.Build.0 = Debug|Any CPU
		{CE10AE14-8562-4E39-9CD4-62D98369F618}.Release|Any CPU.ActiveCfg = Release|Any CPU
		{CE10AE14-8562-4E39-9CD4-62D98369F618}.Release|Any CPU.Build.0 = Release|Any CPU
		{C8D36796-484B-456F-A79F-49E1AEB3686D}.Debug|Any CPU.ActiveCfg = Debug|Any CPU
		{C8D36796-484B-456F-A79F-49E1AEB3686D}.Debug|Any CPU.Build.0 = Debug|Any CPU
		{C8D36796-484B-456F-A79F-49E1AEB3686D}.Release|Any CPU.ActiveCfg = Release|Any CPU
		{C8D36796-484B-456F-A79F-49E1AEB3686D}.Release|Any CPU.Build.0 = Release|Any CPU
		{0F4B1874-5174-4362-858F-FC5FB622D11E}.Debug|Any CPU.ActiveCfg = Debug|Any CPU
		{0F4B1874-5174-4362-858F-FC5FB622D11E}.Debug|Any CPU.Build.0 = Debug|Any CPU
		{0F4B1874-5174-4362-858F-FC5FB622D11E}.Release|Any CPU.ActiveCfg = Release|Any CPU
		{0F4B1874-5174-4362-858F-FC5FB622D11E}.Release|Any CPU.Build.0 = Release|Any CPU
	EndGlobalSection
	GlobalSection(SolutionProperties) = preSolution
		HideSolutionNode = FALSE
	EndGlobalSection
	GlobalSection(ExtensibilityGlobals) = postSolution
		SolutionGuid = {936662E1-ED63-4BCC-9927-5462EA45279F}
	EndGlobalSection
EndGlobal
